
Microsoft Visual Studio Solution File, Format Version 12.00
# Visual Studio Version 16
VisualStudioVersion = 16.0.30907.101
MinimumVisualStudioVersion = 10.0.40219.1
Project("{FAE04EC0-301F-11D3-BF4B-00C04F79EFBC}") = "Lucky_ticket", "Lucky_ticket\Lucky_ticket.csproj", "{ADC033D0-BA4B-4E52-A6D1-2B0115F84877}"
EndProject
Global
	GlobalSection(SolutionConfigurationPlatforms) = preSolution
		Debug|Any CPU = Debug|Any CPU
		Release|Any CPU = Release|Any CPU
	EndGlobalSection
	GlobalSection(ProjectConfigurationPlatforms) = postSolution
		{ADC033D0-BA4B-4E52-A6D1-2B0115F84877}.Debug|Any CPU.ActiveCfg = Debug|Any CPU
		{ADC033D0-BA4B-4E52-A6D1-2B0115F84877}.Debug|Any CPU.Build.0 = Debug|Any CPU
		{ADC033D0-BA4B-4E52-A6D1-2B0115F84877}.Release|Any CPU.ActiveCfg = Release|Any CPU
		{ADC033D0-BA4B-4E52-A6D1-2B0115F84877}.Release|Any CPU.Build.0 = Release|Any CPU
	EndGlobalSection
	GlobalSection(SolutionProperties) = preSolution
		HideSolutionNode = FALSE
	EndGlobalSection
	GlobalSection(ExtensibilityGlobals) = postSolution
		SolutionGuid = {E4D7C3D9-3FBF-4B2F-B633-16EB59A88671}
	EndGlobalSection
EndGlobal
